
Microsoft Visual Studio Solution File, Format Version 12.00
# Visual Studio Version 17
VisualStudioVersion = 17.9.34728.123
MinimumVisualStudioVersion = 10.0.40219.1
Project("{9A19103F-16F7-4668-BE54-9A1E7A4F7556}") = "MongoCrudPeopleApi", "MongoCrud\MongoCrudPeopleApi.csproj", "{953217C8-F422-40D2-8FFC-0BB8930B6146}"
EndProject
Project("{9A19103F-16F7-4668-BE54-9A1E7A4F7556}") = "Mongodb", "MongoLogic\Mongodb.csproj", "{894C57AE-1E1E-47C9-8492-1F20E5C5BDA3}"
EndProject
Project("{E53339B2-1760-4266-BCC7-CA923CBCF16C}") = "docker-compose", "docker-compose.dcproj", "{85101FF9-A64B-4188-9C29-50A6BD4FF052}"
EndProject
Project("{9A19103F-16F7-4668-BE54-9A1E7A4F7556}") = "Logger", "Logger\Logger.csproj", "{0613A51C-37A5-455F-A7C5-B83E694BAE7A}"
EndProject
Project("{2150E333-8FDC-42A3-9474-1A3956D46DE8}") = "Tests", "Tests", "{9632EA55-8258-4384-9939-614A370DDB83}"
EndProject
Project("{9A19103F-16F7-4668-BE54-9A1E7A4F7556}") = "Mongocrud.api.Integration.test", "Tests\Mongocrud.api.Integration.test\Mongocrud.api.Integration.test.csproj", "{0532E819-1279-4210-BBB1-58E3E0653000}"
EndProject
Project("{9A19103F-16F7-4668-BE54-9A1E7A4F7556}") = "Mongocrud.Logger.Integration.test", "Tests\Mongocrud.Logger.Integration.test\Mongocrud.Logger.Integration.test.csproj", "{C195155A-961A-494A-92C8-96A5969A22E5}"
EndProject
Project("{9A19103F-16F7-4668-BE54-9A1E7A4F7556}") = "CoreTestLib", "Tests\SharedClass\CoreTestLib.csproj", "{4AE279F8-DF2C-4E8E-8540-31F605276FCB}"
EndProject
Global
	GlobalSection(SolutionConfigurationPlatforms) = preSolution
		Debug|Any CPU = Debug|Any CPU
		Release|Any CPU = Release|Any CPU
	EndGlobalSection
	GlobalSection(ProjectConfigurationPlatforms) = postSolution
		{953217C8-F422-40D2-8FFC-0BB8930B6146}.Debug|Any CPU.ActiveCfg = Debug|Any CPU
		{953217C8-F422-40D2-8FFC-0BB8930B6146}.Debug|Any CPU.Build.0 = Debug|Any CPU
		{953217C8-F422-40D2-8FFC-0BB8930B6146}.Release|Any CPU.ActiveCfg = Release|Any CPU
		{953217C8-F422-40D2-8FFC-0BB8930B6146}.Release|Any CPU.Build.0 = Release|Any CPU
		{894C57AE-1E1E-47C9-8492-1F20E5C5BDA3}.Debug|Any CPU.ActiveCfg = Debug|Any CPU
		{894C57AE-1E1E-47C9-8492-1F20E5C5BDA3}.Debug|Any CPU.Build.0 = Debug|Any CPU
		{894C57AE-1E1E-47C9-8492-1F20E5C5BDA3}.Release|Any CPU.ActiveCfg = Release|Any CPU
		{894C57AE-1E1E-47C9-8492-1F20E5C5BDA3}.Release|Any CPU.Build.0 = Release|Any CPU
		{85101FF9-A64B-4188-9C29-50A6BD4FF052}.Debug|Any CPU.ActiveCfg = Debug|Any CPU
		{85101FF9-A64B-4188-9C29-50A6BD4FF052}.Debug|Any CPU.Build.0 = Debug|Any CPU
		{85101FF9-A64B-4188-9C29-50A6BD4FF052}.Release|Any CPU.ActiveCfg = Release|Any CPU
		{85101FF9-A64B-4188-9C29-50A6BD4FF052}.Release|Any CPU.Build.0 = Release|Any CPU
		{0613A51C-37A5-455F-A7C5-B83E694BAE7A}.Debug|Any CPU.ActiveCfg = Debug|Any CPU
		{0613A51C-37A5-455F-A7C5-B83E694BAE7A}.Debug|Any CPU.Build.0 = Debug|Any CPU
		{0613A51C-37A5-455F-A7C5-B83E694BAE7A}.Release|Any CPU.ActiveCfg = Release|Any CPU
		{0613A51C-37A5-455F-A7C5-B83E694BAE7A}.Release|Any CPU.Build.0 = Release|Any CPU
		{0532E819-1279-4210-BBB1-58E3E0653000}.Debug|Any CPU.ActiveCfg = Debug|Any CPU
		{0532E819-1279-4210-BBB1-58E3E0653000}.Debug|Any CPU.Build.0 = Debug|Any CPU
		{0532E819-1279-4210-BBB1-58E3E0653000}.Release|Any CPU.ActiveCfg = Release|Any CPU
		{0532E819-1279-4210-BBB1-58E3E0653000}.Release|Any CPU.Build.0 = Release|Any CPU
		{C195155A-961A-494A-92C8-96A5969A22E5}.Debug|Any CPU.ActiveCfg = Debug|Any CPU
		{C195155A-961A-494A-92C8-96A5969A22E5}.Debug|Any CPU.Build.0 = Debug|Any CPU
		{C195155A-961A-494A-92C8-96A5969A22E5}.Release|Any CPU.ActiveCfg = Release|Any CPU
		{C195155A-961A-494A-92C8-96A5969A22E5}.Release|Any CPU.Build.0 = Release|Any CPU
		{4AE279F8-DF2C-4E8E-8540-31F605276FCB}.Debug|Any CPU.ActiveCfg = Debug|Any CPU
		{4AE279F8-DF2C-4E8E-8540-31F605276FCB}.Debug|Any CPU.Build.0 = Debug|Any CPU
		{4AE279F8-DF2C-4E8E-8540-31F605276FCB}.Release|Any CPU.ActiveCfg = Release|Any CPU
		{4AE279F8-DF2C-4E8E-8540-31F605276FCB}.Release|Any CPU.Build.0 = Release|Any CPU
	EndGlobalSection
	GlobalSection(SolutionProperties) = preSolution
		HideSolutionNode = FALSE
	EndGlobalSection
	GlobalSection(NestedProjects) = preSolution
		{0532E819-1279-4210-BBB1-58E3E0653000} = {9632EA55-8258-4384-9939-614A370DDB83}
		{C195155A-961A-494A-92C8-96A5969A22E5} = {9632EA55-8258-4384-9939-614A370DDB83}
		{4AE279F8-DF2C-4E8E-8540-31F605276FCB} = {9632EA55-8258-4384-9939-614A370DDB83}
	EndGlobalSection
	GlobalSection(ExtensibilityGlobals) = postSolution
		SolutionGuid = {8E227B6D-0A68-4EC8-BB97-23BACD10F9CD}
	EndGlobalSection
EndGlobal
